dependencies:
- name: minio
  repository: https://charts.bitnami.com/bitnami
  version: 8.1.7
- name: keycloak
  repository: https://codecentric.github.io/helm-charts
  version: 15.1.0
- name: onyxia
  repository: https://inseefrlab.github.io/helm-charts
  version: 2.0.0
- name: vault
  repository: https://helm.releases.hashicorp.com
  version: 0.18.0
- name: prometheus
  repository: https://prometheus-community.github.io/helm-charts
  version: 15.0.1
- name: grafana
  repository: https://grafana.github.io/helm-charts
  version: 6.17.10
- name: postgresql
  repository: https://charts.bitnami.com/bitnami
  version: 10.13.8
- name: ckan
  repository: https://keitaro-charts.storage.googleapis.com
  version: 1.0.1
- name: superset
  repository: https://apache.github.io/superset
  version: 0.5.4
digest: sha256:2fe8037682b21387f907cd9bf10eab3910b7fc5fcdee2069a437e261593b4e22
generated: "2022-01-13T16:56:15.9182473Z"
